
Microsoft Visual Studio Solution File, Format Version 12.00
# Visual Studio Version 17
VisualStudioVersion = 17.8.34309.116
MinimumVisualStudioVersion = 10.0.40219.1
Project("{FAE04EC0-301F-11D3-BF4B-00C04F79EFBC}") = "1stApp", "1stApp\1stApp.csproj", "{AE10A940-217B-447A-BEAD-73FD8574E0A2}"
EndProject
Global
	GlobalSection(SolutionConfigurationPlatforms) = preSolution
		Debug|Any CPU = Debug|Any CPU
		Release|Any CPU = Release|Any CPU
	EndGlobalSection
	GlobalSection(ProjectConfigurationPlatforms) = postSolution
		{AE10A940-217B-447A-BEAD-73FD8574E0A2}.Debug|Any CPU.ActiveCfg = Debug|Any CPU
		{AE10A940-217B-447A-BEAD-73FD8574E0A2}.Debug|Any CPU.Build.0 = Debug|Any CPU
		{AE10A940-217B-447A-BEAD-73FD8574E0A2}.Release|Any CPU.ActiveCfg = Release|Any CPU
		{AE10A940-217B-447A-BEAD-73FD8574E0A2}.Release|Any CPU.Build.0 = Release|Any CPU
	EndGlobalSection
	GlobalSection(SolutionProperties) = preSolution
		HideSolutionNode = FALSE
	EndGlobalSection
	GlobalSection(ExtensibilityGlobals) = postSolution
		SolutionGuid = {A97FD4E5-4759-4860-B4D7-7FBA579895D4}
	EndGlobalSection
EndGlobal
